// !$*UTF8*$!
{
	archiveVersion = 1;
	classes = {
	};
	objectVersion = 51;
	objects = {

/* Begin PBXBuildFile section */
		0F970470259BD1AF00C4AE29 /* Description.swift in Sources */ = {isa = PBXBuildFile; fileRef = 0F97046F259BD1AF00C4AE29 /* Description.swift */; };
		0F970474259BDA4A00C4AE29 /* Stats.swift in Sources */ = {isa = PBXBuildFile; fileRef = 0F970473259BDA4A00C4AE29 /* Stats.swift */; };
		C17BB7F7B96293E6EDE7CE80 /* Pods_CauseCure.framework in Frameworks */ = {isa = PBXBuildFile; fileRef = 59ED15A1A4F480C7355FB187 /* Pods_CauseCure.framework */; };
		D50339252593620F006ED209 /* UserChallengeCellDetail.swift in Sources */ = {isa = PBXBuildFile; fileRef = D50339242593620F006ED209 /* UserChallengeCellDetail.swift */; };
		D51932FD25911E8A00681EC3 /* CustomSearchBar.swift in Sources */ = {isa = PBXBuildFile; fileRef = D51932FC25911E8A00681EC3 /* CustomSearchBar.swift */; };
		D51933002591261200681EC3 /* ChallengeCategoryModel.swift in Sources */ = {isa = PBXBuildFile; fileRef = D51932FF2591261200681EC3 /* ChallengeCategoryModel.swift */; };
		D51933032591264900681EC3 /* CategoryCellViewModel.swift in Sources */ = {isa = PBXBuildFile; fileRef = D51933022591264900681EC3 /* CategoryCellViewModel.swift */; };
		D51933062591266200681EC3 /* CategoryListViewModel.swift in Sources */ = {isa = PBXBuildFile; fileRef = D51933052591266200681EC3 /* CategoryListViewModel.swift */; };
		D51933092591D47600681EC3 /* SearchChallengeDetailView.swift in Sources */ = {isa = PBXBuildFile; fileRef = D51933082591D47600681EC3 /* SearchChallengeDetailView.swift */; };
		D51C8C9D25963A0000F8FB3D /* ExploreView.swift in Sources */ = {isa = PBXBuildFile; fileRef = D51C8C9C25963A0000F8FB3D /* ExploreView.swift */; };
		D51C8CB8259690A600F8FB3D /* UserSearch.swift in Sources */ = {isa = PBXBuildFile; fileRef = D51C8CB7259690A600F8FB3D /* UserSearch.swift */; };
		D51C8CBB2596931B00F8FB3D /* UserProfile.swift in Sources */ = {isa = PBXBuildFile; fileRef = D51C8CBA2596931B00F8FB3D /* UserProfile.swift */; };
		D51C8CC225969FD900F8FB3D /* UserCellViewModel.swift in Sources */ = {isa = PBXBuildFile; fileRef = D51C8CC125969FD900F8FB3D /* UserCellViewModel.swift */; };
		D51C8CC52596A23800F8FB3D /* UserListViewModel.swift in Sources */ = {isa = PBXBuildFile; fileRef = D51C8CC42596A23800F8FB3D /* UserListViewModel.swift */; };
		D53C948225801BF10001244E /* UserModel.swift in Sources */ = {isa = PBXBuildFile; fileRef = D53C948125801BF10001244E /* UserModel.swift */; };
		D53C948625801CB40001244E /* Extensions.swift in Sources */ = {isa = PBXBuildFile; fileRef = D53C948525801CB40001244E /* Extensions.swift */; };
		D53C948A25801F8B0001244E /* AuthService.swift in Sources */ = {isa = PBXBuildFile; fileRef = D53C948925801F8B0001244E /* AuthService.swift */; };
		D53C948E25801FAB0001244E /* StorageService.swift in Sources */ = {isa = PBXBuildFile; fileRef = D53C948D25801FAB0001244E /* StorageService.swift */; };
		D53C949625802B180001244E /* GoogleService-Info.plist in Resources */ = {isa = PBXBuildFile; fileRef = D53C949525802B180001244E /* GoogleService-Info.plist */; };
		D53C949925802DC30001244E /* SessionStore.swift in Sources */ = {isa = PBXBuildFile; fileRef = D53C949825802DC30001244E /* SessionStore.swift */; };
		D53C949C258032130001244E /* HomeView.swift in Sources */ = {isa = PBXBuildFile; fileRef = D53C949B258032130001244E /* HomeView.swift */; };
		D546A2BC25861CBF00A06C3C /* MyProfile.swift in Sources */ = {isa = PBXBuildFile; fileRef = D546A2BB25861CBF00A06C3C /* MyProfile.swift */; };
		D5578F2F25836B9A0038F956 /* ChallengeListViewModel.swift in Sources */ = {isa = PBXBuildFile; fileRef = D5578F2E25836B9A0038F956 /* ChallengeListViewModel.swift */; };
		D5578F3225836CD10038F956 /* ChallengeCellViewModel.swift in Sources */ = {isa = PBXBuildFile; fileRef = D5578F3125836CD10038F956 /* ChallengeCellViewModel.swift */; };
		D56292AA25925FD2002762D7 /* MyChallengesView.swift in Sources */ = {isa = PBXBuildFile; fileRef = D56292A925925FD2002762D7 /* MyChallengesView.swift */; };
		D56292AD259359ED002762D7 /* UserChallengeListViewModel.swift in Sources */ = {isa = PBXBuildFile; fileRef = D56292AC259359ED002762D7 /* UserChallengeListViewModel.swift */; };
		D56292B025935A55002762D7 /* UserChallengeCellViewModel.swift in Sources */ = {isa = PBXBuildFile; fileRef = D56292AF25935A55002762D7 /* UserChallengeCellViewModel.swift */; };
		D57C9C602583D1670090CF70 /* ChallengeCellDetail.swift in Sources */ = {isa = PBXBuildFile; fileRef = D57C9C5F2583D1670090CF70 /* ChallengeCellDetail.swift */; };
		D5825FAE2584CC7E0011AC33 /* Modifiers.swift in Sources */ = {isa = PBXBuildFile; fileRef = D5825FAD2584CC7E0011AC33 /* Modifiers.swift */; };
		D589C082257FEF20005A5464 /* CauseCureApp.swift in Sources */ = {isa = PBXBuildFile; fileRef = D589C081257FEF20005A5464 /* CauseCureApp.swift */; };
		D589C084257FEF20005A5464 /* ContentView.swift in Sources */ = {isa = PBXBuildFile; fileRef = D589C083257FEF20005A5464 /* ContentView.swift */; };
		D589C086257FEF21005A5464 /* Assets.xcassets in Resources */ = {isa = PBXBuildFile; fileRef = D589C085257FEF21005A5464 /* Assets.xcassets */; };
		D589C089257FEF21005A5464 /* Preview Assets.xcassets in Resources */ = {isa = PBXBuildFile; fileRef = D589C088257FEF21005A5464 /* Preview Assets.xcassets */; };
		D589C092257FEF43005A5464 /* TabBar.swift in Sources */ = {isa = PBXBuildFile; fileRef = D589C091257FEF43005A5464 /* TabBar.swift */; };
		D589C095257FF7F2005A5464 /* SignInView.swift in Sources */ = {isa = PBXBuildFile; fileRef = D589C094257FF7F2005A5464 /* SignInView.swift */; };
		D589C09D257FF8AC005A5464 /* AddCreateChallenge.swift in Sources */ = {isa = PBXBuildFile; fileRef = D589C09C257FF8AC005A5464 /* AddCreateChallenge.swift */; };
		D589C0A0257FF8FD005A5464 /* Community.swift in Sources */ = {isa = PBXBuildFile; fileRef = D589C09F257FF8FD005A5464 /* Community.swift */; };
		D589C0A4257FF921005A5464 /* Chat.swift in Sources */ = {isa = PBXBuildFile; fileRef = D589C0A3257FF921005A5464 /* Chat.swift */; };
		D589C0A7257FFA12005A5464 /* FormField.swift in Sources */ = {isa = PBXBuildFile; fileRef = D589C0A6257FFA12005A5464 /* FormField.swift */; };
		D594A8FC258F5E9E00CCAEC7 /* SideMenuView.swift in Sources */ = {isa = PBXBuildFile; fileRef = D594A8FB258F5E9E00CCAEC7 /* SideMenuView.swift */; };
		D594A8FF258F5EE800CCAEC7 /* SideMenuContent.swift in Sources */ = {isa = PBXBuildFile; fileRef = D594A8FE258F5EE800CCAEC7 /* SideMenuContent.swift */; };
		D594D63425800097003B44DD /* ButtonModifier.swift in Sources */ = {isa = PBXBuildFile; fileRef = D594D63325800097003B44DD /* ButtonModifier.swift */; };
		D594D638258003D9003B44DD /* SignUpView.swift in Sources */ = {isa = PBXBuildFile; fileRef = D594D637258003D9003B44DD /* SignUpView.swift */; };
		D594D63D258005C4003B44DD /* ImagePicker.swift in Sources */ = {isa = PBXBuildFile; fileRef = D594D63C258005C4003B44DD /* ImagePicker.swift */; };
		D5985DA32598E3B50074D025 /* CompletedChallengeModel.swift in Sources */ = {isa = PBXBuildFile; fileRef = D5985DA22598E3B50074D025 /* CompletedChallengeModel.swift */; };
		D5BA4B7D259893B600706AD1 /* ChatModel.swift in Sources */ = {isa = PBXBuildFile; fileRef = D5BA4B7C259893B600706AD1 /* ChatModel.swift */; };
		D5BA4B992598972A00706AD1 /* ChatService.swift in Sources */ = {isa = PBXBuildFile; fileRef = D5BA4B982598972A00706AD1 /* ChatService.swift */; };
		D5C1DC3C25A3934200F2DF4E /* FollowerListViewModel.swift in Sources */ = {isa = PBXBuildFile; fileRef = D5C1DC3B25A3934200F2DF4E /* FollowerListViewModel.swift */; };
		D5C1DC4025A3934F00F2DF4E /* FollowerCellViewModel.swift in Sources */ = {isa = PBXBuildFile; fileRef = D5C1DC3F25A3934F00F2DF4E /* FollowerCellViewModel.swift */; };
		D5C1DC4325A396E700F2DF4E /* Post.swift in Sources */ = {isa = PBXBuildFile; fileRef = D5C1DC4225A396E700F2DF4E /* Post.swift */; };
		D5C1DC5E25A3AC7F00F2DF4E /* PostModel.swift in Sources */ = {isa = PBXBuildFile; fileRef = D5C1DC5D25A3AC7E00F2DF4E /* PostModel.swift */; };
		D5C1DC6125A3AE6E00F2DF4E /* PostService.swift in Sources */ = {isa = PBXBuildFile; fileRef = D5C1DC6025A3AE6E00F2DF4E /* PostService.swift */; };
		D5C1DC6425A3BB1200F2DF4E /* PostCardService.swift in Sources */ = {isa = PBXBuildFile; fileRef = D5C1DC6325A3BB1200F2DF4E /* PostCardService.swift */; };
		D5C1DC6725A3BD6300F2DF4E /* UserPostsService.swift in Sources */ = {isa = PBXBuildFile; fileRef = D5C1DC6625A3BD6300F2DF4E /* UserPostsService.swift */; };
		D5DEDF2C2580EAF7006A39B0 /* ChallengeModel.swift in Sources */ = {isa = PBXBuildFile; fileRef = D5DEDF2B2580EAF7006A39B0 /* ChallengeModel.swift */; };
		D5DEDF2F2580EE69006A39B0 /* Repository.swift in Sources */ = {isa = PBXBuildFile; fileRef = D5DEDF2E2580EE69006A39B0 /* Repository.swift */; };
/* End PBXBuildFile section */

/* Begin PBXFileReference section */
		0F97046F259BD1AF00C4AE29 /* Description.swift */ = {isa = PBXFileReference; lastKnownFileType = sourcecode.swift; path = Description.swift; sourceTree = "<group>"; };
		0F970473259BDA4A00C4AE29 /* Stats.swift */ = {isa = PBXFileReference; lastKnownFileType = sourcecode.swift; path = Stats.swift; sourceTree = "<group>"; };
		2F7BABFF7F027B774A08D05F /* Pods-CauseCure.release.xcconfig */ = {isa = PBXFileReference; includeInIndex = 1; lastKnownFileType = text.xcconfig; name = "Pods-CauseCure.release.xcconfig"; path = "Target Support Files/Pods-CauseCure/Pods-CauseCure.release.xcconfig"; sourceTree = "<group>"; };
		59ED15A1A4F480C7355FB187 /* Pods_CauseCure.framework */ = {isa = PBXFileReference; explicitFileType = wrapper.framework; includeInIndex = 0; path = Pods_CauseCure.framework; sourceTree = BUILT_PRODUCTS_DIR; };
		A2E6835F79FE424D2D18555B /* Pods-CauseCure.debug.xcconfig */ = {isa = PBXFileReference; includeInIndex = 1; lastKnownFileType = text.xcconfig; name = "Pods-CauseCure.debug.xcconfig"; path = "Target Support Files/Pods-CauseCure/Pods-CauseCure.debug.xcconfig"; sourceTree = "<group>"; };
		D50339242593620F006ED209 /* UserChallengeCellDetail.swift */ = {isa = PBXFileReference; lastKnownFileType = sourcecode.swift; path = UserChallengeCellDetail.swift; sourceTree = "<group>"; };
		D51932FC25911E8A00681EC3 /* CustomSearchBar.swift */ = {isa = PBXFileReference; lastKnownFileType = sourcecode.swift; path = CustomSearchBar.swift; sourceTree = "<group>"; };
		D51932FF2591261200681EC3 /* ChallengeCategoryModel.swift */ = {isa = PBXFileReference; lastKnownFileType = sourcecode.swift; path = ChallengeCategoryModel.swift; sourceTree = "<group>"; };
		D51933022591264900681EC3 /* CategoryCellViewModel.swift */ = {isa = PBXFileReference; lastKnownFileType = sourcecode.swift; path = CategoryCellViewModel.swift; sourceTree = "<group>"; };
		D51933052591266200681EC3 /* CategoryListViewModel.swift */ = {isa = PBXFileReference; lastKnownFileType = sourcecode.swift; path = CategoryListViewModel.swift; sourceTree = "<group>"; };
		D51933082591D47600681EC3 /* SearchChallengeDetailView.swift */ = {isa = PBXFileReference; lastKnownFileType = sourcecode.swift; path = SearchChallengeDetailView.swift; sourceTree = "<group>"; };
		D51C8C9C25963A0000F8FB3D /* ExploreView.swift */ = {isa = PBXFileReference; lastKnownFileType = sourcecode.swift; path = ExploreView.swift; sourceTree = "<group>"; };
		D51C8CB7259690A600F8FB3D /* UserSearch.swift */ = {isa = PBXFileReference; lastKnownFileType = sourcecode.swift; path = UserSearch.swift; sourceTree = "<group>"; };
		D51C8CBA2596931B00F8FB3D /* UserProfile.swift */ = {isa = PBXFileReference; lastKnownFileType = sourcecode.swift; path = UserProfile.swift; sourceTree = "<group>"; };
		D51C8CC125969FD900F8FB3D /* UserCellViewModel.swift */ = {isa = PBXFileReference; lastKnownFileType = sourcecode.swift; path = UserCellViewModel.swift; sourceTree = "<group>"; };
		D51C8CC42596A23800F8FB3D /* UserListViewModel.swift */ = {isa = PBXFileReference; lastKnownFileType = sourcecode.swift; path = UserListViewModel.swift; sourceTree = "<group>"; };
		D53C948125801BF10001244E /* UserModel.swift */ = {isa = PBXFileReference; lastKnownFileType = sourcecode.swift; path = UserModel.swift; sourceTree = "<group>"; };
		D53C948525801CB40001244E /* Extensions.swift */ = {isa = PBXFileReference; lastKnownFileType = sourcecode.swift; path = Extensions.swift; sourceTree = "<group>"; };
		D53C948925801F8B0001244E /* AuthService.swift */ = {isa = PBXFileReference; lastKnownFileType = sourcecode.swift; path = AuthService.swift; sourceTree = "<group>"; };
		D53C948D25801FAB0001244E /* StorageService.swift */ = {isa = PBXFileReference; lastKnownFileType = sourcecode.swift; path = StorageService.swift; sourceTree = "<group>"; };
		D53C949525802B180001244E /* GoogleService-Info.plist */ = {isa = PBXFileReference; fileEncoding = 4; lastKnownFileType = text.plist.xml; name = "GoogleService-Info.plist"; path = "../GoogleService-Info.plist"; sourceTree = "<group>"; };
		D53C949825802DC30001244E /* SessionStore.swift */ = {isa = PBXFileReference; lastKnownFileType = sourcecode.swift; path = SessionStore.swift; sourceTree = "<group>"; };
		D53C949B258032130001244E /* HomeView.swift */ = {isa = PBXFileReference; lastKnownFileType = sourcecode.swift; path = HomeView.swift; sourceTree = "<group>"; };
		D546A2BB25861CBF00A06C3C /* MyProfile.swift */ = {isa = PBXFileReference; lastKnownFileType = sourcecode.swift; path = MyProfile.swift; sourceTree = "<group>"; };
		D5578F2E25836B9A0038F956 /* ChallengeListViewModel.swift */ = {isa = PBXFileReference; lastKnownFileType = sourcecode.swift; path = ChallengeListViewModel.swift; sourceTree = "<group>"; };
		D5578F3125836CD10038F956 /* ChallengeCellViewModel.swift */ = {isa = PBXFileReference; lastKnownFileType = sourcecode.swift; path = ChallengeCellViewModel.swift; sourceTree = "<group>"; };
		D56292A925925FD2002762D7 /* MyChallengesView.swift */ = {isa = PBXFileReference; lastKnownFileType = sourcecode.swift; path = MyChallengesView.swift; sourceTree = "<group>"; };
		D56292AC259359ED002762D7 /* UserChallengeListViewModel.swift */ = {isa = PBXFileReference; lastKnownFileType = sourcecode.swift; path = UserChallengeListViewModel.swift; sourceTree = "<group>"; };
		D56292AF25935A55002762D7 /* UserChallengeCellViewModel.swift */ = {isa = PBXFileReference; lastKnownFileType = sourcecode.swift; path = UserChallengeCellViewModel.swift; sourceTree = "<group>"; };
		D57C9C5F2583D1670090CF70 /* ChallengeCellDetail.swift */ = {isa = PBXFileReference; lastKnownFileType = sourcecode.swift; path = ChallengeCellDetail.swift; sourceTree = "<group>"; };
		D5825FAD2584CC7E0011AC33 /* Modifiers.swift */ = {isa = PBXFileReference; lastKnownFileType = sourcecode.swift; path = Modifiers.swift; sourceTree = "<group>"; };
		D589C07E257FEF20005A5464 /* CauseCure.app */ = {isa = PBXFileReference; explicitFileType = wrapper.application; includeInIndex = 0; path = CauseCure.app; sourceTree = BUILT_PRODUCTS_DIR; };
		D589C081257FEF20005A5464 /* CauseCureApp.swift */ = {isa = PBXFileReference; lastKnownFileType = sourcecode.swift; path = CauseCureApp.swift; sourceTree = "<group>"; };
		D589C083257FEF20005A5464 /* ContentView.swift */ = {isa = PBXFileReference; lastKnownFileType = sourcecode.swift; path = ContentView.swift; sourceTree = "<group>"; };
		D589C085257FEF21005A5464 /* Assets.xcassets */ = {isa = PBXFileReference; lastKnownFileType = folder.assetcatalog; path = Assets.xcassets; sourceTree = "<group>"; };
		D589C088257FEF21005A5464 /* Preview Assets.xcassets */ = {isa = PBXFileReference; lastKnownFileType = folder.assetcatalog; path = "Preview Assets.xcassets"; sourceTree = "<group>"; };
		D589C08A257FEF21005A5464 /* Info.plist */ = {isa = PBXFileReference; lastKnownFileType = text.plist.xml; path = Info.plist; sourceTree = "<group>"; };
		D589C091257FEF43005A5464 /* TabBar.swift */ = {isa = PBXFileReference; lastKnownFileType = sourcecode.swift; path = TabBar.swift; sourceTree = "<group>"; };
		D589C094257FF7F2005A5464 /* SignInView.swift */ = {isa = PBXFileReference; lastKnownFileType = sourcecode.swift; path = SignInView.swift; sourceTree = "<group>"; };
		D589C09C257FF8AC005A5464 /* AddCreateChallenge.swift */ = {isa = PBXFileReference; lastKnownFileType = sourcecode.swift; path = AddCreateChallenge.swift; sourceTree = "<group>"; };
		D589C09F257FF8FD005A5464 /* Community.swift */ = {isa = PBXFileReference; lastKnownFileType = sourcecode.swift; path = Community.swift; sourceTree = "<group>"; };
		D589C0A3257FF921005A5464 /* Chat.swift */ = {isa = PBXFileReference; lastKnownFileType = sourcecode.swift; path = Chat.swift; sourceTree = "<group>"; };
		D589C0A6257FFA12005A5464 /* FormField.swift */ = {isa = PBXFileReference; lastKnownFileType = sourcecode.swift; path = FormField.swift; sourceTree = "<group>"; };
		D594A8FB258F5E9E00CCAEC7 /* SideMenuView.swift */ = {isa = PBXFileReference; lastKnownFileType = sourcecode.swift; path = SideMenuView.swift; sourceTree = "<group>"; };
		D594A8FE258F5EE800CCAEC7 /* SideMenuContent.swift */ = {isa = PBXFileReference; lastKnownFileType = sourcecode.swift; path = SideMenuContent.swift; sourceTree = "<group>"; };
		D594D63325800097003B44DD /* ButtonModifier.swift */ = {isa = PBXFileReference; lastKnownFileType = sourcecode.swift; path = ButtonModifier.swift; sourceTree = "<group>"; };
		D594D637258003D9003B44DD /* SignUpView.swift */ = {isa = PBXFileReference; lastKnownFileType = sourcecode.swift; path = SignUpView.swift; sourceTree = "<group>"; };
		D594D63C258005C4003B44DD /* ImagePicker.swift */ = {isa = PBXFileReference; lastKnownFileType = sourcecode.swift; path = ImagePicker.swift; sourceTree = "<group>"; };
		D5985DA22598E3B50074D025 /* CompletedChallengeModel.swift */ = {isa = PBXFileReference; lastKnownFileType = sourcecode.swift; path = CompletedChallengeModel.swift; sourceTree = "<group>"; };
		D5BA4B7C259893B600706AD1 /* ChatModel.swift */ = {isa = PBXFileReference; lastKnownFileType = sourcecode.swift; path = ChatModel.swift; sourceTree = "<group>"; };
		D5BA4B982598972A00706AD1 /* ChatService.swift */ = {isa = PBXFileReference; lastKnownFileType = sourcecode.swift; path = ChatService.swift; sourceTree = "<group>"; };
		D5C1DC3B25A3934200F2DF4E /* FollowerListViewModel.swift */ = {isa = PBXFileReference; lastKnownFileType = sourcecode.swift; path = FollowerListViewModel.swift; sourceTree = "<group>"; };
		D5C1DC3F25A3934F00F2DF4E /* FollowerCellViewModel.swift */ = {isa = PBXFileReference; lastKnownFileType = sourcecode.swift; path = FollowerCellViewModel.swift; sourceTree = "<group>"; };
		D5C1DC4225A396E700F2DF4E /* Post.swift */ = {isa = PBXFileReference; lastKnownFileType = sourcecode.swift; path = Post.swift; sourceTree = "<group>"; };
		D5C1DC5D25A3AC7E00F2DF4E /* PostModel.swift */ = {isa = PBXFileReference; lastKnownFileType = sourcecode.swift; path = PostModel.swift; sourceTree = "<group>"; };
		D5C1DC6025A3AE6E00F2DF4E /* PostService.swift */ = {isa = PBXFileReference; lastKnownFileType = sourcecode.swift; path = PostService.swift; sourceTree = "<group>"; };
		D5C1DC6325A3BB1200F2DF4E /* PostCardService.swift */ = {isa = PBXFileReference; lastKnownFileType = sourcecode.swift; path = PostCardService.swift; sourceTree = "<group>"; };
		D5C1DC6625A3BD6300F2DF4E /* UserPostsService.swift */ = {isa = PBXFileReference; lastKnownFileType = sourcecode.swift; path = UserPostsService.swift; sourceTree = "<group>"; };
		D5DEDF2B2580EAF7006A39B0 /* ChallengeModel.swift */ = {isa = PBXFileReference; lastKnownFileType = sourcecode.swift; path = ChallengeModel.swift; sourceTree = "<group>"; };
		D5DEDF2E2580EE69006A39B0 /* Repository.swift */ = {isa = PBXFileReference; lastKnownFileType = sourcecode.swift; path = Repository.swift; sourceTree = "<group>"; };
/* End PBXFileReference section */

/* Begin PBXFrameworksBuildPhase section */
		D589C07B257FEF20005A5464 /* Frameworks */ = {
			isa = PBXFrameworksBuildPhase;
			buildActionMask = 2147483647;
			files = (
				C17BB7F7B96293E6EDE7CE80 /* Pods_CauseCure.framework in Frameworks */,
			);
			runOnlyForDeploymentPostprocessing = 0;
		};
/* End PBXFrameworksBuildPhase section */

/* Begin PBXGroup section */
		25BD57EF4A51DE69FD2671FE /* Pods */ = {
			isa = PBXGroup;
			children = (
				A2E6835F79FE424D2D18555B /* Pods-CauseCure.debug.xcconfig */,
				2F7BABFF7F027B774A08D05F /* Pods-CauseCure.release.xcconfig */,
			);
			path = Pods;
			sourceTree = "<group>";
		};
		9A4B5D4D49B1DFCEE50436C5 /* Frameworks */ = {
			isa = PBXGroup;
			children = (
				59ED15A1A4F480C7355FB187 /* Pods_CauseCure.framework */,
			);
			name = Frameworks;
			sourceTree = "<group>";
		};
		D51C8CC72596A63B00F8FB3D /* UserVM */ = {
			isa = PBXGroup;
			children = (
				D51C8CC125969FD900F8FB3D /* UserCellViewModel.swift */,
				D51C8CC42596A23800F8FB3D /* UserListViewModel.swift */,
			);
			path = UserVM;
			sourceTree = "<group>";
		};
		D51C8CC82596A65400F8FB3D /* ChallengeVM */ = {
			isa = PBXGroup;
			children = (
				D5578F3125836CD10038F956 /* ChallengeCellViewModel.swift */,
				D5578F2E25836B9A0038F956 /* ChallengeListViewModel.swift */,
			);
			path = ChallengeVM;
			sourceTree = "<group>";
		};
		D51C8CCA2596A68900F8FB3D /* CategoryVM */ = {
			isa = PBXGroup;
			children = (
				D51933022591264900681EC3 /* CategoryCellViewModel.swift */,
				D51933052591266200681EC3 /* CategoryListViewModel.swift */,
			);
			path = CategoryVM;
			sourceTree = "<group>";
		};
		D51C8CCC2596A69500F8FB3D /* UserChallengeVM */ = {
			isa = PBXGroup;
			children = (
				D56292AC259359ED002762D7 /* UserChallengeListViewModel.swift */,
				D56292AF25935A55002762D7 /* UserChallengeCellViewModel.swift */,
			);
			path = UserChallengeVM;
			sourceTree = "<group>";
		};
		D53C948025801BDA0001244E /* Models */ = {
			isa = PBXGroup;
			children = (
				D53C948125801BF10001244E /* UserModel.swift */,
				D5DEDF2B2580EAF7006A39B0 /* ChallengeModel.swift */,
				D51932FF2591261200681EC3 /* ChallengeCategoryModel.swift */,
				D5985DA22598E3B50074D025 /* CompletedChallengeModel.swift */,
				D5BA4B7C259893B600706AD1 /* ChatModel.swift */,
				D5C1DC5D25A3AC7E00F2DF4E /* PostModel.swift */,
			);
			name = Models;
			path = ..;
			sourceTree = "<group>";
		};
		D53C948825801F7D0001244E /* Services */ = {
			isa = PBXGroup;
			children = (
				D53C948925801F8B0001244E /* AuthService.swift */,
				D5C1DC6025A3AE6E00F2DF4E /* PostService.swift */,
				D5C1DC6325A3BB1200F2DF4E /* PostCardService.swift */,
				D5C1DC6625A3BD6300F2DF4E /* UserPostsService.swift */,
				D5BA4B982598972A00706AD1 /* ChatService.swift */,
				D53C948D25801FAB0001244E /* StorageService.swift */,
				D53C949825802DC30001244E /* SessionStore.swift */,
				D5DEDF2E2580EE69006A39B0 /* Repository.swift */,
				D5C1DC3A25A3931C00F2DF4E /* FollowerVM */,
				D51C8CCA2596A68900F8FB3D /* CategoryVM */,
				D51C8CC82596A65400F8FB3D /* ChallengeVM */,
				D51C8CC72596A63B00F8FB3D /* UserVM */,
				D51C8CCC2596A69500F8FB3D /* UserChallengeVM */,
			);
			path = Services;
			sourceTree = "<group>";
		};
		D53DCFA52598D2020037C24B /* SignIn */ = {
			isa = PBXGroup;
			children = (
				D594D637258003D9003B44DD /* SignUpView.swift */,
				D589C094257FF7F2005A5464 /* SignInView.swift */,
			);
			path = SignIn;
			sourceTree = "<group>";
		};
		D53DCFA62598D2210037C24B /* SearchBars */ = {
			isa = PBXGroup;
			children = (
				D51932FC25911E8A00681EC3 /* CustomSearchBar.swift */,
				D51C8CB7259690A600F8FB3D /* UserSearch.swift */,
			);
			path = SearchBars;
			sourceTree = "<group>";
		};
		D589C075257FEF20005A5464 = {
			isa = PBXGroup;
			children = (
				D589C080257FEF20005A5464 /* CauseCure */,
				D589C07F257FEF20005A5464 /* Products */,
				25BD57EF4A51DE69FD2671FE /* Pods */,
				9A4B5D4D49B1DFCEE50436C5 /* Frameworks */,
			);
			sourceTree = "<group>";
		};
		D589C07F257FEF20005A5464 /* Products */ = {
			isa = PBXGroup;
			children = (
				D589C07E257FEF20005A5464 /* CauseCure.app */,
			);
			name = Products;
			sourceTree = "<group>";
		};
		D589C080257FEF20005A5464 /* CauseCure */ = {
			isa = PBXGroup;
			children = (
				D589C08A257FEF21005A5464 /* Info.plist */,
				D589C081257FEF20005A5464 /* CauseCureApp.swift */,
				D53C949525802B180001244E /* GoogleService-Info.plist */,
				D589C085257FEF21005A5464 /* Assets.xcassets */,
				D53C948825801F7D0001244E /* Services */,
				D53C948025801BDA0001244E /* Models */,
				D594D63B258005AB003B44DD /* Utilities */,
				D589C097257FF80B005A5464 /* Views */,
				D589C0A9257FFA26005A5464 /* Components */,
				D589C087257FEF21005A5464 /* Preview Content */,
			);
			path = CauseCure;
			sourceTree = "<group>";
		};
		D589C087257FEF21005A5464 /* Preview Content */ = {
			isa = PBXGroup;
			children = (
				D589C088257FEF21005A5464 /* Preview Assets.xcassets */,
			);
			path = "Preview Content";
			sourceTree = "<group>";
		};
		D589C097257FF80B005A5464 /* Views */ = {
			isa = PBXGroup;
			children = (
				D53DCFA52598D2020037C24B /* SignIn */,
				D589C083257FEF20005A5464 /* ContentView.swift */,
				D589C091257FEF43005A5464 /* TabBar.swift */,
				D53C949B258032130001244E /* HomeView.swift */,
				D5C1DC4225A396E700F2DF4E /* Post.swift */,
				D56292A925925FD2002762D7 /* MyChallengesView.swift */,
				D51C8C9C25963A0000F8FB3D /* ExploreView.swift */,
				D589C09F257FF8FD005A5464 /* Community.swift */,
				D589C0A3257FF921005A5464 /* Chat.swift */,
				D5F58EAD259DEEAA000FC898 /* UserProfiles */,
				D59CB185259B307D008D0651 /* Challenges */,
				D53DCFA62598D2210037C24B /* SearchBars */,
				D594A901258F72CF00CCAEC7 /* SideMenu */,
			);
			path = Views;
			sourceTree = "<group>";
		};
		D589C0A9257FFA26005A5464 /* Components */ = {
			isa = PBXGroup;
			children = (
				D589C0A6257FFA12005A5464 /* FormField.swift */,
				D594D63325800097003B44DD /* ButtonModifier.swift */,
			);
			path = Components;
			sourceTree = "<group>";
		};
		D594A901258F72CF00CCAEC7 /* SideMenu */ = {
			isa = PBXGroup;
			children = (
				D594A8FB258F5E9E00CCAEC7 /* SideMenuView.swift */,
				D594A8FE258F5EE800CCAEC7 /* SideMenuContent.swift */,
			);
			path = SideMenu;
			sourceTree = "<group>";
		};
		D594D63B258005AB003B44DD /* Utilities */ = {
			isa = PBXGroup;
			children = (
				D594D63C258005C4003B44DD /* ImagePicker.swift */,
				D53C948525801CB40001244E /* Extensions.swift */,
				D5825FAD2584CC7E0011AC33 /* Modifiers.swift */,
			);
			path = Utilities;
			sourceTree = "<group>";
		};
		D59CB185259B307D008D0651 /* Challenges */ = {
			isa = PBXGroup;
			children = (
				D51933082591D47600681EC3 /* SearchChallengeDetailView.swift */,
				D589C09C257FF8AC005A5464 /* AddCreateChallenge.swift */,
				D50339242593620F006ED209 /* UserChallengeCellDetail.swift */,
				D57C9C5F2583D1670090CF70 /* ChallengeCellDetail.swift */,
			);
			name = Challenges;
			path = ../..;
			sourceTree = "<group>";
		};
		D5C1DC3A25A3931C00F2DF4E /* FollowerVM */ = {
			isa = PBXGroup;
			children = (
				D5C1DC3B25A3934200F2DF4E /* FollowerListViewModel.swift */,
				D5C1DC3F25A3934F00F2DF4E /* FollowerCellViewModel.swift */,
			);
			path = FollowerVM;
			sourceTree = "<group>";
		};
		D5F58EAD259DEEAA000FC898 /* UserProfiles */ = {
			isa = PBXGroup;
			children = (
				D546A2BB25861CBF00A06C3C /* MyProfile.swift */,
				D51C8CBA2596931B00F8FB3D /* UserProfile.swift */,
				0F970473259BDA4A00C4AE29 /* Stats.swift */,
				0F97046F259BD1AF00C4AE29 /* Description.swift */,
			);
			path = UserProfiles;
			sourceTree = "<group>";
		};
/* End PBXGroup section */

/* Begin PBXNativeTarget section */
		D589C07D257FEF20005A5464 /* CauseCure */ = {
			isa = PBXNativeTarget;
			buildConfigurationList = D589C08D257FEF21005A5464 /* Build configuration list for PBXNativeTarget "CauseCure" */;
			buildPhases = (
				60E49ADC37C50868AE1AFD1F /* [CP] Check Pods Manifest.lock */,
				D589C07A257FEF20005A5464 /* Sources */,
				D589C07B257FEF20005A5464 /* Frameworks */,
				D589C07C257FEF20005A5464 /* Resources */,
				62E3B83BF2E61E6DB679B1BA /* [CP] Embed Pods Frameworks */,
			);
			buildRules = (
			);
			dependencies = (
			);
			name = CauseCure;
			productName = CauseCure;
			productReference = D589C07E257FEF20005A5464 /* CauseCure.app */;
			productType = "com.apple.product-type.application";
		};
/* End PBXNativeTarget section */

/* Begin PBXProject section */
		D589C076257FEF20005A5464 /* Project object */ = {
			isa = PBXProject;
			attributes = {
				LastSwiftUpdateCheck = 1220;
				LastUpgradeCheck = 1220;
				TargetAttributes = {
					D589C07D257FEF20005A5464 = {
						CreatedOnToolsVersion = 12.2;
					};
				};
			};
			buildConfigurationList = D589C079257FEF20005A5464 /* Build configuration list for PBXProject "CauseCure" */;
			compatibilityVersion = "Xcode 9.3";
			developmentRegion = en;
			hasScannedForEncodings = 0;
			knownRegions = (
				en,
				Base,
			);
			mainGroup = D589C075257FEF20005A5464;
			productRefGroup = D589C07F257FEF20005A5464 /* Products */;
			projectDirPath = "";
			projectRoot = "";
			targets = (
				D589C07D257FEF20005A5464 /* CauseCure */,
			);
		};
/* End PBXProject section */

/* Begin PBXResourcesBuildPhase section */
		D589C07C257FEF20005A5464 /* Resources */ = {
			isa = PBXResourcesBuildPhase;
			buildActionMask = 2147483647;
			files = (
				D589C089257FEF21005A5464 /* Preview Assets.xcassets in Resources */,
				D589C086257FEF21005A5464 /* Assets.xcassets in Resources */,
				D53C949625802B180001244E /* GoogleService-Info.plist in Resources */,
			);
			runOnlyForDeploymentPostprocessing = 0;
		};
/* End PBXResourcesBuildPhase section */

/* Begin PBXShellScriptBuildPhase section */
		60E49ADC37C50868AE1AFD1F /* [CP] Check Pods Manifest.lock */ = {
			isa = PBXShellScriptBuildPhase;
			buildActionMask = 2147483647;
			files = (
			);
			inputFileListPaths = (
			);
			inputPaths = (
				"${PODS_PODFILE_DIR_PATH}/Podfile.lock",
				"${PODS_ROOT}/Manifest.lock",
			);
			name = "[CP] Check Pods Manifest.lock";
			outputFileListPaths = (
			);
			outputPaths = (
				"$(DERIVED_FILE_DIR)/Pods-CauseCure-checkManifestLockResult.txt",
			);
			runOnlyForDeploymentPostprocessing = 0;
			shellPath = /bin/sh;
			shellScript = "diff \"${PODS_PODFILE_DIR_PATH}/Podfile.lock\" \"${PODS_ROOT}/Manifest.lock\" > /dev/null\nif [ $? != 0 ] ; then\n    # print error to STDERR\n    echo \"error: The sandbox is not in sync with the Podfile.lock. Run 'pod install' or update your CocoaPods installation.\" >&2\n    exit 1\nfi\n# This output is used by Xcode 'outputs' to avoid re-running this script phase.\necho \"SUCCESS\" > \"${SCRIPT_OUTPUT_FILE_0}\"\n";
			showEnvVarsInLog = 0;
		};
		62E3B83BF2E61E6DB679B1BA /* [CP] Embed Pods Frameworks */ = {
			isa = PBXShellScriptBuildPhase;
			buildActionMask = 2147483647;
			files = (
			);
			inputFileListPaths = (
				"${PODS_ROOT}/Target Support Files/Pods-CauseCure/Pods-CauseCure-frameworks-${CONFIGURATION}-input-files.xcfilelist",
			);
			name = "[CP] Embed Pods Frameworks";
			outputFileListPaths = (
				"${PODS_ROOT}/Target Support Files/Pods-CauseCure/Pods-CauseCure-frameworks-${CONFIGURATION}-output-files.xcfilelist",
			);
			runOnlyForDeploymentPostprocessing = 0;
			shellPath = /bin/sh;
			shellScript = "\"${PODS_ROOT}/Target Support Files/Pods-CauseCure/Pods-CauseCure-frameworks.sh\"\n";
			showEnvVarsInLog = 0;
		};
/* End PBXShellScriptBuildPhase section */

/* Begin PBXSourcesBuildPhase section */
		D589C07A257FEF20005A5464 /* Sources */ = {
			isa = PBXSourcesBuildPhase;
			buildActionMask = 2147483647;
			files = (
				D5C1DC3C25A3934200F2DF4E /* FollowerListViewModel.swift in Sources */,
				D589C092257FEF43005A5464 /* TabBar.swift in Sources */,
				0F970474259BDA4A00C4AE29 /* Stats.swift in Sources */,
				D589C09D257FF8AC005A5464 /* AddCreateChallenge.swift in Sources */,
				D51C8CC52596A23800F8FB3D /* UserListViewModel.swift in Sources */,
				D589C084257FEF20005A5464 /* ContentView.swift in Sources */,
				D5C1DC4025A3934F00F2DF4E /* FollowerCellViewModel.swift in Sources */,
				D5825FAE2584CC7E0011AC33 /* Modifiers.swift in Sources */,
				D594D63425800097003B44DD /* ButtonModifier.swift in Sources */,
				D51933002591261200681EC3 /* ChallengeCategoryModel.swift in Sources */,
				D56292B025935A55002762D7 /* UserChallengeCellViewModel.swift in Sources */,
				D5BA4B7D259893B600706AD1 /* ChatModel.swift in Sources */,
				D5DEDF2F2580EE69006A39B0 /* Repository.swift in Sources */,
				D53C948E25801FAB0001244E /* StorageService.swift in Sources */,
				D5985DA32598E3B50074D025 /* CompletedChallengeModel.swift in Sources */,
				D56292AA25925FD2002762D7 /* MyChallengesView.swift in Sources */,
				D51C8C9D25963A0000F8FB3D /* ExploreView.swift in Sources */,
				D50339252593620F006ED209 /* UserChallengeCellDetail.swift in Sources */,
				D53C948225801BF10001244E /* UserModel.swift in Sources */,
				D5DEDF2C2580EAF7006A39B0 /* ChallengeModel.swift in Sources */,
				D51C8CBB2596931B00F8FB3D /* UserProfile.swift in Sources */,
				D51933092591D47600681EC3 /* SearchChallengeDetailView.swift in Sources */,
				D57C9C602583D1670090CF70 /* ChallengeCellDetail.swift in Sources */,
				D5578F3225836CD10038F956 /* ChallengeCellViewModel.swift in Sources */,
				D5C1DC5E25A3AC7F00F2DF4E /* PostModel.swift in Sources */,
				D5C1DC6125A3AE6E00F2DF4E /* PostService.swift in Sources */,
				D5C1DC6725A3BD6300F2DF4E /* UserPostsService.swift in Sources */,
				D5578F2F25836B9A0038F956 /* ChallengeListViewModel.swift in Sources */,
				D51C8CB8259690A600F8FB3D /* UserSearch.swift in Sources */,
				D594D638258003D9003B44DD /* SignUpView.swift in Sources */,
				D5C1DC4325A396E700F2DF4E /* Post.swift in Sources */,
				D5BA4B992598972A00706AD1 /* ChatService.swift in Sources */,
				D51C8CC225969FD900F8FB3D /* UserCellViewModel.swift in Sources */,
				D51933062591266200681EC3 /* CategoryListViewModel.swift in Sources */,
				D594A8FC258F5E9E00CCAEC7 /* SideMenuView.swift in Sources */,
				0F970470259BD1AF00C4AE29 /* Description.swift in Sources */,
				D589C095257FF7F2005A5464 /* SignInView.swift in Sources */,
				D56292AD259359ED002762D7 /* UserChallengeListViewModel.swift in Sources */,
				D53C949C258032130001244E /* HomeView.swift in Sources */,
				D589C0A4257FF921005A5464 /* Chat.swift in Sources */,
				D589C0A7257FFA12005A5464 /* FormField.swift in Sources */,
				D594D63D258005C4003B44DD /* ImagePicker.swift in Sources */,
				D53C949925802DC30001244E /* SessionStore.swift in Sources */,
				D589C0A0257FF8FD005A5464 /* Community.swift in Sources */,
				D53C948A25801F8B0001244E /* AuthService.swift in Sources */,
				D589C082257FEF20005A5464 /* CauseCureApp.swift in Sources */,
				D51932FD25911E8A00681EC3 /* CustomSearchBar.swift in Sources */,
				D51933032591264900681EC3 /* CategoryCellViewModel.swift in Sources */,
				D594A8FF258F5EE800CCAEC7 /* SideMenuContent.swift in Sources */,
				D5C1DC6425A3BB1200F2DF4E /* PostCardService.swift in Sources */,
				D53C948625801CB40001244E /* Extensions.swift in Sources */,
				D546A2BC25861CBF00A06C3C /* MyProfile.swift in Sources */,
			);
			runOnlyForDeploymentPostprocessing = 0;
		};
/* End PBXSourcesBuildPhase section */

/* Begin XCBuildConfiguration section */
		D589C08B257FEF21005A5464 /* Debug */ = {
			isa = XCBuildConfiguration;
			buildSettings = {
				ALWAYS_SEARCH_USER_PATHS = NO;
				CLANG_ANALYZER_NONNULL = YES;
				CLANG_ANALYZER_NUMBER_OBJECT_CONVERSION = YES_AGGRESSIVE;
				CLANG_CXX_LANGUAGE_STANDARD = "gnu++14";
				CLANG_CXX_LIBRARY = "libc++";
				CLANG_ENABLE_MODULES = YES;
				CLANG_ENABLE_OBJC_ARC = YES;
				CLANG_ENABLE_OBJC_WEAK = YES;
				CLANG_WARN_BLOCK_CAPTURE_AUTORELEASING = YES;
				CLANG_WARN_BOOL_CONVERSION = YES;
				CLANG_WARN_COMMA = YES;
				CLANG_WARN_CONSTANT_CONVERSION = YES;
				CLANG_WARN_DEPRECATED_OBJC_IMPLEMENTATIONS = YES;
				CLANG_WARN_DIRECT_OBJC_ISA_USAGE = YES_ERROR;
				CLANG_WARN_DOCUMENTATION_COMMENTS = YES;
				CLANG_WARN_EMPTY_BODY = YES;
				CLANG_WARN_ENUM_CONVERSION = YES;
				CLANG_WARN_INFINITE_RECURSION = YES;
				CLANG_WARN_INT_CONVERSION = YES;
				CLANG_WARN_NON_LITERAL_NULL_CONVERSION = YES;
				CLANG_WARN_OBJC_IMPLICIT_RETAIN_SELF = YES;
				CLANG_WARN_OBJC_LITERAL_CONVERSION = YES;
				CLANG_WARN_OBJC_ROOT_CLASS = YES_ERROR;
				CLANG_WARN_QUOTED_INCLUDE_IN_FRAMEWORK_HEADER = YES;
				CLANG_WARN_RANGE_LOOP_ANALYSIS = YES;
				CLANG_WARN_STRICT_PROTOTYPES = YES;
				CLANG_WARN_SUSPICIOUS_MOVE = YES;
				CLANG_WARN_UNGUARDED_AVAILABILITY = YES_AGGRESSIVE;
				CLANG_WARN_UNREACHABLE_CODE = YES;
				CLANG_WARN__DUPLICATE_METHOD_MATCH = YES;
				CODE_SIGN_IDENTITY = "Apple Development: gamecure.tc@gmail.com (5S7SMJS284)";
				COPY_PHASE_STRIP = NO;
				DEBUG_INFORMATION_FORMAT = dwarf;
				DEVELOPMENT_TEAM = JUVH346UH3;
				ENABLE_STRICT_OBJC_MSGSEND = YES;
				ENABLE_TESTABILITY = YES;
				GCC_C_LANGUAGE_STANDARD = gnu11;
				GCC_DYNAMIC_NO_PIC = NO;
				GCC_NO_COMMON_BLOCKS = YES;
				GCC_OPTIMIZATION_LEVEL = 0;
				GCC_PREPROCESSOR_DEFINITIONS = (
					"DEBUG=1",
					"$(inherited)",
				);
				GCC_WARN_64_TO_32_BIT_CONVERSION = YES;
				GCC_WARN_ABOUT_RETURN_TYPE = YES_ERROR;
				GCC_WARN_UNDECLARED_SELECTOR = YES;
				GCC_WARN_UNINITIALIZED_AUTOS = YES_AGGRESSIVE;
				GCC_WARN_UNUSED_FUNCTION = YES;
				GCC_WARN_UNUSED_VARIABLE = YES;
				IPHONEOS_DEPLOYMENT_TARGET = 14.2;
				MTL_ENABLE_DEBUG_INFO = INCLUDE_SOURCE;
				MTL_FAST_MATH = YES;
				ONLY_ACTIVE_ARCH = YES;
				SDKROOT = iphoneos;
				SWIFT_ACTIVE_COMPILATION_CONDITIONS = DEBUG;
				SWIFT_OPTIMIZATION_LEVEL = "-Onone";
			};
			name = Debug;
		};
		D589C08C257FEF21005A5464 /* Release */ = {
			isa = XCBuildConfiguration;
			buildSettings = {
				ALWAYS_SEARCH_USER_PATHS = NO;
				CLANG_ANALYZER_NONNULL = YES;
				CLANG_ANALYZER_NUMBER_OBJECT_CONVERSION = YES_AGGRESSIVE;
				CLANG_CXX_LANGUAGE_STANDARD = "gnu++14";
				CLANG_CXX_LIBRARY = "libc++";
				CLANG_ENABLE_MODULES = YES;
				CLANG_ENABLE_OBJC_ARC = YES;
				CLANG_ENABLE_OBJC_WEAK = YES;
				CLANG_WARN_BLOCK_CAPTURE_AUTORELEASING = YES;
				CLANG_WARN_BOOL_CONVERSION = YES;
				CLANG_WARN_COMMA = YES;
				CLANG_WARN_CONSTANT_CONVERSION = YES;
				CLANG_WARN_DEPRECATED_OBJC_IMPLEMENTATIONS = YES;
				CLANG_WARN_DIRECT_OBJC_ISA_USAGE = YES_ERROR;
				CLANG_WARN_DOCUMENTATION_COMMENTS = YES;
				CLANG_WARN_EMPTY_BODY = YES;
				CLANG_WARN_ENUM_CONVERSION = YES;
				CLANG_WARN_INFINITE_RECURSION = YES;
				CLANG_WARN_INT_CONVERSION = YES;
				CLANG_WARN_NON_LITERAL_NULL_CONVERSION = YES;
				CLANG_WARN_OBJC_IMPLICIT_RETAIN_SELF = YES;
				CLANG_WARN_OBJC_LITERAL_CONVERSION = YES;
				CLANG_WARN_OBJC_ROOT_CLASS = YES_ERROR;
				CLANG_WARN_QUOTED_INCLUDE_IN_FRAMEWORK_HEADER = YES;
				CLANG_WARN_RANGE_LOOP_ANALYSIS = YES;
				CLANG_WARN_STRICT_PROTOTYPES = YES;
				CLANG_WARN_SUSPICIOUS_MOVE = YES;
				CLANG_WARN_UNGUARDED_AVAILABILITY = YES_AGGRESSIVE;
				CLANG_WARN_UNREACHABLE_CODE = YES;
				CLANG_WARN__DUPLICATE_METHOD_MATCH = YES;
				CODE_SIGN_IDENTITY = "Apple Development: gamecure.tc@gmail.com (5S7SMJS284)";
				COPY_PHASE_STRIP = NO;
				DEBUG_INFORMATION_FORMAT = "dwarf-with-dsym";
				DEVELOPMENT_TEAM = JUVH346UH3;
				ENABLE_NS_ASSERTIONS = NO;
				ENABLE_STRICT_OBJC_MSGSEND = YES;
				GCC_C_LANGUAGE_STANDARD = gnu11;
				GCC_NO_COMMON_BLOCKS = YES;
				GCC_WARN_64_TO_32_BIT_CONVERSION = YES;
				GCC_WARN_ABOUT_RETURN_TYPE = YES_ERROR;
				GCC_WARN_UNDECLARED_SELECTOR = YES;
				GCC_WARN_UNINITIALIZED_AUTOS = YES_AGGRESSIVE;
				GCC_WARN_UNUSED_FUNCTION = YES;
				GCC_WARN_UNUSED_VARIABLE = YES;
				IPHONEOS_DEPLOYMENT_TARGET = 14.2;
				MTL_ENABLE_DEBUG_INFO = NO;
				MTL_FAST_MATH = YES;
				SDKROOT = iphoneos;
				SWIFT_COMPILATION_MODE = wholemodule;
				SWIFT_OPTIMIZATION_LEVEL = "-O";
				VALIDATE_PRODUCT = YES;
			};
			name = Release;
		};
		D589C08E257FEF21005A5464 /* Debug */ = {
			isa = XCBuildConfiguration;
			baseConfigurationReference = A2E6835F79FE424D2D18555B /* Pods-CauseCure.debug.xcconfig */;
			buildSettings = {
				ASSETCATALOG_COMPILER_APPICON_NAME = AppIcon;
				ASSETCATALOG_COMPILER_GLOBAL_ACCENT_COLOR_NAME = AccentColor;
				CODE_SIGN_IDENTITY = "iPhone Distribution: Lukas Ebeling (JUVH346UH3)";
				CODE_SIGN_STYLE = Manual;
				CURRENT_PROJECT_VERSION = 12;
				DEVELOPMENT_ASSET_PATHS = "\"CauseCure/Preview Content\"";
				DEVELOPMENT_TEAM = JUVH346UH3;
				ENABLE_PREVIEWS = YES;
				INFOPLIST_FILE = CauseCure/Info.plist;
				IPHONEOS_DEPLOYMENT_TARGET = 14.0;
				LD_RUNPATH_SEARCH_PATHS = (
					"$(inherited)",
					"@executable_path/Frameworks",
				);
				PRODUCT_BUNDLE_IDENTIFIER = GameCure.CauseCure.tc;
				PRODUCT_NAME = "$(TARGET_NAME)";
				PROVISIONING_PROFILE_SPECIFIER = "GameCure App Store Profile";
				SWIFT_VERSION = 5.0;
				TARGETED_DEVICE_FAMILY = "1,2";
				VERSIONING_SYSTEM = "apple-generic";
			};
			name = Debug;
		};
		D589C08F257FEF21005A5464 /* Release */ = {
			isa = XCBuildConfiguration;
			baseConfigurationReference = 2F7BABFF7F027B774A08D05F /* Pods-CauseCure.release.xcconfig */;
			buildSettings = {
				ASSETCATALOG_COMPILER_APPICON_NAME = AppIcon;
				ASSETCATALOG_COMPILER_GLOBAL_ACCENT_COLOR_NAME = AccentColor;
				CODE_SIGN_IDENTITY = "iPhone Distribution: Lukas Ebeling (JUVH346UH3)";
				CODE_SIGN_STYLE = Manual;
				CURRENT_PROJECT_VERSION = 12;
				DEVELOPMENT_ASSET_PATHS = "\"CauseCure/Preview Content\"";
				DEVELOPMENT_TEAM = JUVH346UH3;
				ENABLE_PREVIEWS = YES;
				INFOPLIST_FILE = CauseCure/Info.plist;
				IPHONEOS_DEPLOYMENT_TARGET = 14.0;
				LD_RUNPATH_SEARCH_PATHS = (
					"$(inherited)",
					"@executable_path/Frameworks",
				);
				PRODUCT_BUNDLE_IDENTIFIER = GameCure.CauseCure.tc;
				PRODUCT_NAME = "$(TARGET_NAME)";
				PROVISIONING_PROFILE_SPECIFIER = "GameCure App Store Profile";
				SWIFT_VERSION = 5.0;
				TARGETED_DEVICE_FAMILY = "1,2";
				VERSIONING_SYSTEM = "apple-generic";
			};
			name = Release;
		};
/* End XCBuildConfiguration section */

/* Begin XCConfigurationList section */
		D589C079257FEF20005A5464 /* Build configuration list for PBXProject "CauseCure" */ = {
			isa = XCConfigurationList;
			buildConfigurations = (
				D589C08B257FEF21005A5464 /* Debug */,
				D589C08C257FEF21005A5464 /* Release */,
			);
			defaultConfigurationIsVisible = 0;
			defaultConfigurationName = Release;
		};
		D589C08D257FEF21005A5464 /* Build configuration list for PBXNativeTarget "CauseCure" */ = {
			isa = XCConfigurationList;
			buildConfigurations = (
				D589C08E257FEF21005A5464 /* Debug */,
				D589C08F257FEF21005A5464 /* Release */,
			);
			defaultConfigurationIsVisible = 0;
			defaultConfigurationName = Release;
		};
/* End XCConfigurationList section */
	};
	rootObject = D589C076257FEF20005A5464 /* Project object */;
}
